
Microsoft Visual Studio Solution File, Format Version 12.00
# Visual Studio Version 16
VisualStudioVersion = 16.0.31729.503
MinimumVisualStudioVersion = 10.0.40219.1
Project("{888888A0-9F3D-457C-B088-3A5042F75D52}") = "pygamepygame", "pygamepygame\pygamepygame.pyproj", "{C9FD0934-31CF-41EC-B2CB-16A73CB2BCF5}"
EndProject
Global
	GlobalSection(SolutionConfigurationPlatforms) = preSolution
		Debug|Any CPU = Debug|Any CPU
		Release|Any CPU = Release|Any CPU
	EndGlobalSection
	GlobalSection(ProjectConfigurationPlatforms) = postSolution
		{C9FD0934-31CF-41EC-B2CB-16A73CB2BCF5}.Debug|Any CPU.ActiveCfg = Debug|Any CPU
		{C9FD0934-31CF-41EC-B2CB-16A73CB2BCF5}.Release|Any CPU.ActiveCfg = Release|Any CPU
	EndGlobalSection
	GlobalSection(SolutionProperties) = preSolution
		HideSolutionNode = FALSE
	EndGlobalSection
	GlobalSection(ExtensibilityGlobals) = postSolution
		SolutionGuid = {7465A81C-584D-4C63-A6E8-6E464C40F461}
	EndGlobalSection
EndGlobal
